
Microsoft Visual Studio Solution File, Format Version 12.00
# Visual Studio Version 17
VisualStudioVersion = 17.0.32002.185
MinimumVisualStudioVersion = 10.0.40219.1
Project("{9A19103F-16F7-4668-BE54-9A1E7A4F7556}") = "GalleryAPI", "src\galleryapi\GalleryAPI.csproj", "{91DA67F3-E43F-41FD-B44D-B4C9B7ED5F52}"
EndProject
Project("{9A19103F-16F7-4668-BE54-9A1E7A4F7556}") = "GalleryAPI.test.common", "test\galleryapi.test.common\GalleryAPI.test.common.csproj", "{C0FB45F3-F001-4AD5-A341-4F0E6AA6CC8D}"
EndProject
Project("{9A19103F-16F7-4668-BE54-9A1E7A4F7556}") = "GalleryAPI.unittest", "test\galleryapi.unittest\GalleryAPI.unittest.csproj", "{39132401-B6DE-44C1-AEB0-27BA903B2B99}"
EndProject
Project("{9A19103F-16F7-4668-BE54-9A1E7A4F7556}") = "GalleryAPI.integrationtest", "test\galleryapi.integrationtest\GalleryAPI.integrationtest.csproj", "{07F28963-ABE5-4B25-8323-5DD0DC5FB9A4}"
EndProject
Global
	GlobalSection(SolutionConfigurationPlatforms) = preSolution
		Debug With Azure Date|Any CPU = Debug With Azure Date|Any CPU
		Debug|Any CPU = Debug|Any CPU
		Release|Any CPU = Release|Any CPU
	EndGlobalSection
	GlobalSection(ProjectConfigurationPlatforms) = postSolution
		{91DA67F3-E43F-41FD-B44D-B4C9B7ED5F52}.Debug With Azure Date|Any CPU.ActiveCfg = Debug With Azure Date|Any CPU
		{91DA67F3-E43F-41FD-B44D-B4C9B7ED5F52}.Debug With Azure Date|Any CPU.Build.0 = Debug With Azure Date|Any CPU
		{91DA67F3-E43F-41FD-B44D-B4C9B7ED5F52}.Debug|Any CPU.ActiveCfg = Debug|Any CPU
		{91DA67F3-E43F-41FD-B44D-B4C9B7ED5F52}.Debug|Any CPU.Build.0 = Debug|Any CPU
		{91DA67F3-E43F-41FD-B44D-B4C9B7ED5F52}.Release|Any CPU.ActiveCfg = Release|Any CPU
		{91DA67F3-E43F-41FD-B44D-B4C9B7ED5F52}.Release|Any CPU.Build.0 = Release|Any CPU
		{C0FB45F3-F001-4AD5-A341-4F0E6AA6CC8D}.Debug With Azure Date|Any CPU.ActiveCfg = Debug|Any CPU
		{C0FB45F3-F001-4AD5-A341-4F0E6AA6CC8D}.Debug With Azure Date|Any CPU.Build.0 = Debug|Any CPU
		{C0FB45F3-F001-4AD5-A341-4F0E6AA6CC8D}.Debug|Any CPU.ActiveCfg = Debug|Any CPU
		{C0FB45F3-F001-4AD5-A341-4F0E6AA6CC8D}.Debug|Any CPU.Build.0 = Debug|Any CPU
		{C0FB45F3-F001-4AD5-A341-4F0E6AA6CC8D}.Release|Any CPU.ActiveCfg = Release|Any CPU
		{C0FB45F3-F001-4AD5-A341-4F0E6AA6CC8D}.Release|Any CPU.Build.0 = Release|Any CPU
		{39132401-B6DE-44C1-AEB0-27BA903B2B99}.Debug With Azure Date|Any CPU.ActiveCfg = Debug|Any CPU
		{39132401-B6DE-44C1-AEB0-27BA903B2B99}.Debug With Azure Date|Any CPU.Build.0 = Debug|Any CPU
		{39132401-B6DE-44C1-AEB0-27BA903B2B99}.Debug|Any CPU.ActiveCfg = Debug|Any CPU
		{39132401-B6DE-44C1-AEB0-27BA903B2B99}.Debug|Any CPU.Build.0 = Debug|Any CPU
		{39132401-B6DE-44C1-AEB0-27BA903B2B99}.Release|Any CPU.ActiveCfg = Release|Any CPU
		{39132401-B6DE-44C1-AEB0-27BA903B2B99}.Release|Any CPU.Build.0 = Release|Any CPU
		{07F28963-ABE5-4B25-8323-5DD0DC5FB9A4}.Debug With Azure Date|Any CPU.ActiveCfg = Debug|Any CPU
		{07F28963-ABE5-4B25-8323-5DD0DC5FB9A4}.Debug With Azure Date|Any CPU.Build.0 = Debug|Any CPU
		{07F28963-ABE5-4B25-8323-5DD0DC5FB9A4}.Debug|Any CPU.ActiveCfg = Debug|Any CPU
		{07F28963-ABE5-4B25-8323-5DD0DC5FB9A4}.Debug|Any CPU.Build.0 = Debug|Any CPU
		{07F28963-ABE5-4B25-8323-5DD0DC5FB9A4}.Release|Any CPU.ActiveCfg = Release|Any CPU
		{07F28963-ABE5-4B25-8323-5DD0DC5FB9A4}.Release|Any CPU.Build.0 = Release|Any CPU
	EndGlobalSection
	GlobalSection(SolutionProperties) = preSolution
		HideSolutionNode = FALSE
	EndGlobalSection
	GlobalSection(ExtensibilityGlobals) = postSolution
		SolutionGuid = {E1A982BB-40C9-486B-8C57-D76D5C47B1B2}
	EndGlobalSection
EndGlobal
