
Microsoft Visual Studio Solution File, Format Version 12.00
# Visual Studio 15
VisualStudioVersion = 15.0.26124.0
MinimumVisualStudioVersion = 15.0.26124.0
Project("{2150E333-8FDC-42A3-9474-1A3956D46DE8}") = "src", "src", "{2B75F330-5956-4E26-A083-C3D897761CC2}"
EndProject
Project("{FAE04EC0-301F-11D3-BF4B-00C04F79EFBC}") = "galleryapi", "src\galleryapi\galleryapi.csproj", "{9A17A81B-96B3-4121-B47F-6AFDC858D68C}"
EndProject
Project("{2150E333-8FDC-42A3-9474-1A3956D46DE8}") = "test", "test", "{7D2B0052-D8C0-4960-BB98-E319E86D6955}"
EndProject
Project("{FAE04EC0-301F-11D3-BF4B-00C04F79EFBC}") = "galleryapi.test", "test\galleryapi.test\galleryapi.test.csproj", "{71554A3C-572F-4ECC-A1CB-23CB6FF772AD}"
EndProject
Global
	GlobalSection(SolutionConfigurationPlatforms) = preSolution
		Debug|Any CPU = Debug|Any CPU
		Debug|x64 = Debug|x64
		Debug|x86 = Debug|x86
		Release|Any CPU = Release|Any CPU
		Release|x64 = Release|x64
		Release|x86 = Release|x86
	EndGlobalSection
	GlobalSection(SolutionProperties) = preSolution
		HideSolutionNode = FALSE
	EndGlobalSection
	GlobalSection(ProjectConfigurationPlatforms) = postSolution
		{9A17A81B-96B3-4121-B47F-6AFDC858D68C}.Debug|Any CPU.ActiveCfg = Debug|Any CPU
		{9A17A81B-96B3-4121-B47F-6AFDC858D68C}.Debug|Any CPU.Build.0 = Debug|Any CPU
		{9A17A81B-96B3-4121-B47F-6AFDC858D68C}.Debug|x64.ActiveCfg = Debug|Any CPU
		{9A17A81B-96B3-4121-B47F-6AFDC858D68C}.Debug|x64.Build.0 = Debug|Any CPU
		{9A17A81B-96B3-4121-B47F-6AFDC858D68C}.Debug|x86.ActiveCfg = Debug|Any CPU
		{9A17A81B-96B3-4121-B47F-6AFDC858D68C}.Debug|x86.Build.0 = Debug|Any CPU
		{9A17A81B-96B3-4121-B47F-6AFDC858D68C}.Release|Any CPU.ActiveCfg = Release|Any CPU
		{9A17A81B-96B3-4121-B47F-6AFDC858D68C}.Release|Any CPU.Build.0 = Release|Any CPU
		{9A17A81B-96B3-4121-B47F-6AFDC858D68C}.Release|x64.ActiveCfg = Release|Any CPU
		{9A17A81B-96B3-4121-B47F-6AFDC858D68C}.Release|x64.Build.0 = Release|Any CPU
		{9A17A81B-96B3-4121-B47F-6AFDC858D68C}.Release|x86.ActiveCfg = Release|Any CPU
		{9A17A81B-96B3-4121-B47F-6AFDC858D68C}.Release|x86.Build.0 = Release|Any CPU
		{71554A3C-572F-4ECC-A1CB-23CB6FF772AD}.Debug|Any CPU.ActiveCfg = Debug|Any CPU
		{71554A3C-572F-4ECC-A1CB-23CB6FF772AD}.Debug|Any CPU.Build.0 = Debug|Any CPU
		{71554A3C-572F-4ECC-A1CB-23CB6FF772AD}.Debug|x64.ActiveCfg = Debug|Any CPU
		{71554A3C-572F-4ECC-A1CB-23CB6FF772AD}.Debug|x64.Build.0 = Debug|Any CPU
		{71554A3C-572F-4ECC-A1CB-23CB6FF772AD}.Debug|x86.ActiveCfg = Debug|Any CPU
		{71554A3C-572F-4ECC-A1CB-23CB6FF772AD}.Debug|x86.Build.0 = Debug|Any CPU
		{71554A3C-572F-4ECC-A1CB-23CB6FF772AD}.Release|Any CPU.ActiveCfg = Release|Any CPU
		{71554A3C-572F-4ECC-A1CB-23CB6FF772AD}.Release|Any CPU.Build.0 = Release|Any CPU
		{71554A3C-572F-4ECC-A1CB-23CB6FF772AD}.Release|x64.ActiveCfg = Release|Any CPU
		{71554A3C-572F-4ECC-A1CB-23CB6FF772AD}.Release|x64.Build.0 = Release|Any CPU
		{71554A3C-572F-4ECC-A1CB-23CB6FF772AD}.Release|x86.ActiveCfg = Release|Any CPU
		{71554A3C-572F-4ECC-A1CB-23CB6FF772AD}.Release|x86.Build.0 = Release|Any CPU
	EndGlobalSection
	GlobalSection(NestedProjects) = preSolution
		{9A17A81B-96B3-4121-B47F-6AFDC858D68C} = {2B75F330-5956-4E26-A083-C3D897761CC2}
		{71554A3C-572F-4ECC-A1CB-23CB6FF772AD} = {7D2B0052-D8C0-4960-BB98-E319E86D6955}
	EndGlobalSection
EndGlobal
